<Solution>
  <Folder Name="/src/">
    <Project Path="src/TravelAdvisor.Api/TravelAdvisor.Api.csproj" />
    <Project Path="src/TravelAdvisor.Application/TravelAdvisor.Application.csproj" />
    <Project Path="src/TravelAdvisor.Domain/TravelAdvisor.Domain.csproj" />
    <Project Path="src/TravelAdvisor.Infrastructure/TravelAdvisor.Infrastructure.csproj" />
  </Folder>
  <Folder Name="/tests/">
    <Project Path="tests/TravelAdvisor.Tests/TravelAdvisor.Tests.csproj" />
  </Folder>
</Solution>
